
Microsoft Visual Studio Solution File, Format Version 12.00
# Visual Studio Version 17
VisualStudioVersion = 17.0.32112.339
MinimumVisualStudioVersion = 10.0.40219.1
Project("{FAE04EC0-301F-11D3-BF4B-00C04F79EFBC}") = "SaleSpy.Api", "SaleSpy.Api\SaleSpy.Api.csproj", "{D8EAD57D-F65F-4A96-ACEF-2119F34CF852}"
EndProject
Project("{FAE04EC0-301F-11D3-BF4B-00C04F79EFBC}") = "SaleSpy.Core", "SaleSpy.Core\SaleSpy.Core.csproj", "{2CF63A14-ED86-45C7-ACB7-380BAC6A8CE8}"
EndProject
Project("{FAE04EC0-301F-11D3-BF4B-00C04F79EFBC}") = "SaleSpy.Data", "SaleSpy.Data\SaleSpy.Data.csproj", "{9E045D89-06E7-4163-A96F-6C99EC04C85F}"
EndProject
Project("{FAE04EC0-301F-11D3-BF4B-00C04F79EFBC}") = "SaleSpy.Services", "SaleSpy.Services\SaleSpy.Services.csproj", "{15839A8A-D355-4357-95B7-D57EB3F997ED}"
EndProject
Global
	GlobalSection(SolutionConfigurationPlatforms) = preSolution
		Debug|Any CPU = Debug|Any CPU
		Release|Any CPU = Release|Any CPU
	EndGlobalSection
	GlobalSection(ProjectConfigurationPlatforms) = postSolution
		{D8EAD57D-F65F-4A96-ACEF-2119F34CF852}.Debug|Any CPU.ActiveCfg = Debug|Any CPU
		{D8EAD57D-F65F-4A96-ACEF-2119F34CF852}.Debug|Any CPU.Build.0 = Debug|Any CPU
		{D8EAD57D-F65F-4A96-ACEF-2119F34CF852}.Release|Any CPU.ActiveCfg = Release|Any CPU
		{D8EAD57D-F65F-4A96-ACEF-2119F34CF852}.Release|Any CPU.Build.0 = Release|Any CPU
		{2CF63A14-ED86-45C7-ACB7-380BAC6A8CE8}.Debug|Any CPU.ActiveCfg = Debug|Any CPU
		{2CF63A14-ED86-45C7-ACB7-380BAC6A8CE8}.Debug|Any CPU.Build.0 = Debug|Any CPU
		{2CF63A14-ED86-45C7-ACB7-380BAC6A8CE8}.Release|Any CPU.ActiveCfg = Release|Any CPU
		{2CF63A14-ED86-45C7-ACB7-380BAC6A8CE8}.Release|Any CPU.Build.0 = Release|Any CPU
		{9E045D89-06E7-4163-A96F-6C99EC04C85F}.Debug|Any CPU.ActiveCfg = Debug|Any CPU
		{9E045D89-06E7-4163-A96F-6C99EC04C85F}.Debug|Any CPU.Build.0 = Debug|Any CPU
		{9E045D89-06E7-4163-A96F-6C99EC04C85F}.Release|Any CPU.ActiveCfg = Release|Any CPU
		{9E045D89-06E7-4163-A96F-6C99EC04C85F}.Release|Any CPU.Build.0 = Release|Any CPU
		{15839A8A-D355-4357-95B7-D57EB3F997ED}.Debug|Any CPU.ActiveCfg = Debug|Any CPU
		{15839A8A-D355-4357-95B7-D57EB3F997ED}.Debug|Any CPU.Build.0 = Debug|Any CPU
		{15839A8A-D355-4357-95B7-D57EB3F997ED}.Release|Any CPU.ActiveCfg = Release|Any CPU
		{15839A8A-D355-4357-95B7-D57EB3F997ED}.Release|Any CPU.Build.0 = Release|Any CPU
	EndGlobalSection
	GlobalSection(SolutionProperties) = preSolution
		HideSolutionNode = FALSE
	EndGlobalSection
	GlobalSection(ExtensibilityGlobals) = postSolution
		SolutionGuid = {BDDB7F5B-BE7A-4DE5-B59C-1421A02D29CA}
	EndGlobalSection
EndGlobal
